
Microsoft Visual Studio Solution File, Format Version 12.00
# Visual Studio Version 16
VisualStudioVersion = 16.0.31005.135
MinimumVisualStudioVersion = 10.0.40219.1
Project("{9A19103F-16F7-4668-BE54-9A1E7A4F7556}") = "FrozenEditor", "FrozenEditor\FrozenEditor.csproj", "{6190F3D8-6C20-4947-AC3A-A1FEC17642B5}"
EndProject
Project("{8BC9CEB8-8B4A-11D0-8D11-00A0C91BC942}") = "FrozenEngine", "FrozenEngine\FrozenEngine.vcxproj", "{0882F9EE-B5E3-4D49-A721-610554D77666}"
EndProject
Global
	GlobalSection(SolutionConfigurationPlatforms) = preSolution
		Debug|x64 = Debug|x64
		Release|x64 = Release|x64
	EndGlobalSection
	GlobalSection(ProjectConfigurationPlatforms) = postSolution
		{6190F3D8-6C20-4947-AC3A-A1FEC17642B5}.Debug|x64.ActiveCfg = Debug|Any CPU
		{6190F3D8-6C20-4947-AC3A-A1FEC17642B5}.Debug|x64.Build.0 = Debug|Any CPU
		{6190F3D8-6C20-4947-AC3A-A1FEC17642B5}.Release|x64.ActiveCfg = Release|Any CPU
		{6190F3D8-6C20-4947-AC3A-A1FEC17642B5}.Release|x64.Build.0 = Release|Any CPU
		{0882F9EE-B5E3-4D49-A721-610554D77666}.Debug|x64.ActiveCfg = Debug|x64
		{0882F9EE-B5E3-4D49-A721-610554D77666}.Debug|x64.Build.0 = Debug|x64
		{0882F9EE-B5E3-4D49-A721-610554D77666}.Release|x64.ActiveCfg = Release|x64
		{0882F9EE-B5E3-4D49-A721-610554D77666}.Release|x64.Build.0 = Release|x64
	EndGlobalSection
	GlobalSection(SolutionProperties) = preSolution
		HideSolutionNode = FALSE
	EndGlobalSection
	GlobalSection(ExtensibilityGlobals) = postSolution
		SolutionGuid = {483863F7-2AED-41AD-AA66-003CCA0D1E25}
	EndGlobalSection
EndGlobal
